
Microsoft Visual Studio Solution File, Format Version 12.00
# Visual Studio Version 17
VisualStudioVersion = 17.4.33205.214
MinimumVisualStudioVersion = 10.0.40219.1
Project("{9A19103F-16F7-4668-BE54-9A1E7A4F7556}") = "ShopApp.Web", "ShopApp.Web\ShopApp.Web.csproj", "{F19AB1C5-1FE2-4956-96EA-081657DF7C54}"
EndProject
Project("{9A19103F-16F7-4668-BE54-9A1E7A4F7556}") = "ShopApp.Domain", "ShopApp.Domain\ShopApp.Domain.csproj", "{C8646CE2-4D2A-497B-99C1-3F0616729580}"
EndProject
Project("{9A19103F-16F7-4668-BE54-9A1E7A4F7556}") = "ShopApp.Contracts", "ShopApp.Contracts\ShopApp.Contracts.csproj", "{5A8357B1-FC36-4B57-B957-C9DC9320931B}"
EndProject
Project("{9A19103F-16F7-4668-BE54-9A1E7A4F7556}") = "ShopApp.Business", "ShopApp.Business\ShopApp.Business.csproj", "{5BCDC278-AFEE-4E3A-BE48-3211F112E739}"
EndProject
Project("{FAE04EC0-301F-11D3-BF4B-00C04F79EFBC}") = "ShopApp.Infrastructure", "ShopApp.Infrastructure\ShopApp.Infrastructure.csproj", "{687593E9-BF79-46C1-A648-E169ABF6FE52}"
EndProject
Global
	GlobalSection(SolutionConfigurationPlatforms) = preSolution
		Debug|Any CPU = Debug|Any CPU
		Release|Any CPU = Release|Any CPU
	EndGlobalSection
	GlobalSection(ProjectConfigurationPlatforms) = postSolution
		{F19AB1C5-1FE2-4956-96EA-081657DF7C54}.Debug|Any CPU.ActiveCfg = Debug|Any CPU
		{F19AB1C5-1FE2-4956-96EA-081657DF7C54}.Debug|Any CPU.Build.0 = Debug|Any CPU
		{F19AB1C5-1FE2-4956-96EA-081657DF7C54}.Release|Any CPU.ActiveCfg = Release|Any CPU
		{F19AB1C5-1FE2-4956-96EA-081657DF7C54}.Release|Any CPU.Build.0 = Release|Any CPU
		{C8646CE2-4D2A-497B-99C1-3F0616729580}.Debug|Any CPU.ActiveCfg = Debug|Any CPU
		{C8646CE2-4D2A-497B-99C1-3F0616729580}.Debug|Any CPU.Build.0 = Debug|Any CPU
		{C8646CE2-4D2A-497B-99C1-3F0616729580}.Release|Any CPU.ActiveCfg = Release|Any CPU
		{C8646CE2-4D2A-497B-99C1-3F0616729580}.Release|Any CPU.Build.0 = Release|Any CPU
		{5A8357B1-FC36-4B57-B957-C9DC9320931B}.Debug|Any CPU.ActiveCfg = Debug|Any CPU
		{5A8357B1-FC36-4B57-B957-C9DC9320931B}.Debug|Any CPU.Build.0 = Debug|Any CPU
		{5A8357B1-FC36-4B57-B957-C9DC9320931B}.Release|Any CPU.ActiveCfg = Release|Any CPU
		{5A8357B1-FC36-4B57-B957-C9DC9320931B}.Release|Any CPU.Build.0 = Release|Any CPU
		{5BCDC278-AFEE-4E3A-BE48-3211F112E739}.Debug|Any CPU.ActiveCfg = Debug|Any CPU
		{5BCDC278-AFEE-4E3A-BE48-3211F112E739}.Debug|Any CPU.Build.0 = Debug|Any CPU
		{5BCDC278-AFEE-4E3A-BE48-3211F112E739}.Release|Any CPU.ActiveCfg = Release|Any CPU
		{5BCDC278-AFEE-4E3A-BE48-3211F112E739}.Release|Any CPU.Build.0 = Release|Any CPU
		{687593E9-BF79-46C1-A648-E169ABF6FE52}.Debug|Any CPU.ActiveCfg = Debug|Any CPU
		{687593E9-BF79-46C1-A648-E169ABF6FE52}.Debug|Any CPU.Build.0 = Debug|Any CPU
		{687593E9-BF79-46C1-A648-E169ABF6FE52}.Release|Any CPU.ActiveCfg = Release|Any CPU
		{687593E9-BF79-46C1-A648-E169ABF6FE52}.Release|Any CPU.Build.0 = Release|Any CPU
	EndGlobalSection
	GlobalSection(SolutionProperties) = preSolution
		HideSolutionNode = FALSE
	EndGlobalSection
	GlobalSection(ExtensibilityGlobals) = postSolution
		SolutionGuid = {0439F611-E3CD-4B8A-BCD2-C3E91F2242AA}
	EndGlobalSection
EndGlobal
